// !$*UTF8*$!
{
	archiveVersion = 1;
	classes = {
	};
	objectVersion = 50;
	objects = {

/* Begin PBXBuildFile section */
		3793985321753EC200102273 /* AppDelegate.swift in Sources */ = {isa = PBXBuildFile; fileRef = 3793985221753EC200102273 /* AppDelegate.swift */; };
		3793985521753EC200102273 /* ViewController.swift in Sources */ = {isa = PBXBuildFile; fileRef = 3793985421753EC200102273 /* ViewController.swift */; };
		3793985821753EC200102273 /* Main.storyboard in Resources */ = {isa = PBXBuildFile; fileRef = 3793985621753EC200102273 /* Main.storyboard */; };
		3793985A21753EC300102273 /* Assets.xcassets in Resources */ = {isa = PBXBuildFile; fileRef = 3793985921753EC300102273 /* Assets.xcassets */; };
		3793985D21753EC300102273 /* LaunchScreen.storyboard in Resources */ = {isa = PBXBuildFile; fileRef = 3793985B21753EC300102273 /* LaunchScreen.storyboard */; };
		3793986821753EC300102273 /* ScrollingFormFunTests.swift in Sources */ = {isa = PBXBuildFile; fileRef = 3793986721753EC300102273 /* ScrollingFormFunTests.swift */; };
		3793987321753EC300102273 /* ScrollingFormFunUITests.swift in Sources */ = {isa = PBXBuildFile; fileRef = 3793987221753EC300102273 /* ScrollingFormFunUITests.swift */; };
/* End PBXBuildFile section */

/* Begin PBXContainerItemProxy section */
		3793986421753EC300102273 /* PBXContainerItemProxy */ = {
			isa = PBXContainerItemProxy;
			containerPortal = 3793984721753EC200102273 /* Project object */;
			proxyType = 1;
			remoteGlobalIDString = 3793984E21753EC200102273;
			remoteInfo = ScrollingFormFun;
		};
		3793986F21753EC300102273 /* PBXContainerItemProxy */ = {
			isa = PBXContainerItemProxy;
			containerPortal = 3793984721753EC200102273 /* Project object */;
			proxyType = 1;
			remoteGlobalIDString = 3793984E21753EC200102273;
			remoteInfo = ScrollingFormFun;
		};
/* End PBXContainerItemProxy section */

/* Begin PBXFileReference section */
		3793984F21753EC200102273 /* ScrollingFormFun.app */ = {isa = PBXFileReference; explicitFileType = wrapper.application; includeInIndex = 0; path = ScrollingFormFun.app; sourceTree = BUILT_PRODUCTS_DIR; };
		3793985221753EC200102273 /* AppDelegate.swift */ = {isa = PBXFileReference; lastKnownFileType = sourcecode.swift; path = AppDelegate.swift; sourceTree = "<group>"; };
		3793985421753EC200102273 /* ViewController.swift */ = {isa = PBXFileReference; lastKnownFileType = sourcecode.swift; path = ViewController.swift; sourceTree = "<group>"; };
		3793985721753EC200102273 /* Base */ = {isa = PBXFileReference; lastKnownFileType = file.storyboard; name = Base; path = Base.lproj/Main.storyboard; sourceTree = "<group>"; };
		3793985921753EC300102273 /* Assets.xcassets */ = {isa = PBXFileReference; lastKnownFileType = folder.assetcatalog; path = Assets.xcassets; sourceTree = "<group>"; };
		3793985C21753EC300102273 /* Base */ = {isa = PBXFileReference; lastKnownFileType = file.storyboard; name = Base; path = Base.lproj/LaunchScreen.storyboard; sourceTree = "<group>"; };
		3793985E21753EC300102273 /* Info.plist */ = {isa = PBXFileReference; lastKnownFileType = text.plist.xml; path = Info.plist; sourceTree = "<group>"; };
		3793986321753EC300102273 /* ScrollingFormFunTests.xctest */ = {isa = PBXFileReference; explicitFileType = wrapper.cfbundle; includeInIndex = 0; path = ScrollingFormFunTests.xctest; sourceTree = BUILT_PRODUCTS_DIR; };
		3793986721753EC300102273 /* ScrollingFormFunTests.swift */ = {isa = PBXFileReference; lastKnownFileType = sourcecode.swift; path = ScrollingFormFunTests.swift; sourceTree = "<group>"; };
		3793986921753EC300102273 /* Info.plist */ = {isa = PBXFileReference; lastKnownFileType = text.plist.xml; path = Info.plist; sourceTree = "<group>"; };
		3793986E21753EC300102273 /* ScrollingFormFunUITests.xctest */ = {isa = PBXFileReference; explicitFileType = wrapper.cfbundle; includeInIndex = 0; path = ScrollingFormFunUITests.xctest; sourceTree = BUILT_PRODUCTS_DIR; };
		3793987221753EC300102273 /* ScrollingFormFunUITests.swift */ = {isa = PBXFileReference; lastKnownFileType = sourcecode.swift; path = ScrollingFormFunUITests.swift; sourceTree = "<group>"; };
		3793987421753EC300102273 /* Info.plist */ = {isa = PBXFileReference; lastKnownFileType = text.plist.xml; path = Info.plist; sourceTree = "<group>"; };
/* End PBXFileReference section */

/* Begin PBXFrameworksBuildPhase section */
		3793984C21753EC200102273 /* Frameworks */ = {
			isa = PBXFrameworksBuildPhase;
			buildActionMask = 2147483647;
			files = (
			);
			runOnlyForDeploymentPostprocessing = 0;
		};
		3793986021753EC300102273 /* Frameworks */ = {
			isa = PBXFrameworksBuildPhase;
			buildActionMask = 2147483647;
			files = (
			);
			runOnlyForDeploymentPostprocessing = 0;
		};
		3793986B21753EC300102273 /* Frameworks */ = {
			isa = PBXFrameworksBuildPhase;
			buildActionMask = 2147483647;
			files = (
			);
			runOnlyForDeploymentPostprocessing = 0;
		};
/* End PBXFrameworksBuildPhase section */

/* Begin PBXGroup section */
		3793984621753EC200102273 = {
			isa = PBXGroup;
			children = (
				3793985121753EC200102273 /* ScrollingFormFun */,
				3793986621753EC300102273 /* ScrollingFormFunTests */,
				3793987121753EC300102273 /* ScrollingFormFunUITests */,
				3793985021753EC200102273 /* Products */,
			);
			sourceTree = "<group>";
		};
		3793985021753EC200102273 /* Products */ = {
			isa = PBXGroup;
			children = (
				3793984F21753EC200102273 /* ScrollingFormFun.app */,
				3793986321753EC300102273 /* ScrollingFormFunTests.xctest */,
				3793986E21753EC300102273 /* ScrollingFormFunUITests.xctest */,
			);
			name = Products;
			sourceTree = "<group>";
		};
		3793985121753EC200102273 /* ScrollingFormFun */ = {
			isa = PBXGroup;
			children = (
				3793985221753EC200102273 /* AppDelegate.swift */,
				3793985421753EC200102273 /* ViewController.swift */,
				3793985621753EC200102273 /* Main.storyboard */,
				3793985921753EC300102273 /* Assets.xcassets */,
				3793985B21753EC300102273 /* LaunchScreen.storyboard */,
				3793985E21753EC300102273 /* Info.plist */,
			);
			path = ScrollingFormFun;
			sourceTree = "<group>";
		};
		3793986621753EC300102273 /* ScrollingFormFunTests */ = {
			isa = PBXGroup;
			children = (
				3793986721753EC300102273 /* ScrollingFormFunTests.swift */,
				3793986921753EC300102273 /* Info.plist */,
			);
			path = ScrollingFormFunTests;
			sourceTree = "<group>";
		};
		3793987121753EC300102273 /* ScrollingFormFunUITests */ = {
			isa = PBXGroup;
			children = (
				3793987221753EC300102273 /* ScrollingFormFunUITests.swift */,
				3793987421753EC300102273 /* Info.plist */,
			);
			path = ScrollingFormFunUITests;
			sourceTree = "<group>";
		};
/* End PBXGroup section */

/* Begin PBXNativeTarget section */
		3793984E21753EC200102273 /* ScrollingFormFun */ = {
			isa = PBXNativeTarget;
			buildConfigurationList = 3793987721753EC300102273 /* Build configuration list for PBXNativeTarget "ScrollingFormFun" */;
			buildPhases = (
				3793984B21753EC200102273 /* Sources */,
				3793984C21753EC200102273 /* Frameworks */,
				3793984D21753EC200102273 /* Resources */,
			);
			buildRules = (
			);
			dependencies = (
			);
			name = ScrollingFormFun;
			productName = ScrollingFormFun;
			productReference = 3793984F21753EC200102273 /* ScrollingFormFun.app */;
			productType = "com.apple.product-type.application";
		};
		3793986221753EC300102273 /* ScrollingFormFunTests */ = {
			isa = PBXNativeTarget;
			buildConfigurationList = 3793987A21753EC300102273 /* Build configuration list for PBXNativeTarget "ScrollingFormFunTests" */;
			buildPhases = (
				3793985F21753EC300102273 /* Sources */,
				3793986021753EC300102273 /* Frameworks */,
				3793986121753EC300102273 /* Resources */,
			);
			buildRules = (
			);
			dependencies = (
				3793986521753EC300102273 /* PBXTargetDependency */,
			);
			name = ScrollingFormFunTests;
			productName = ScrollingFormFunTests;
			productReference = 3793986321753EC300102273 /* ScrollingFormFunTests.xctest */;
			productType = "com.apple.product-type.bundle.unit-test";
		};
		3793986D21753EC300102273 /* ScrollingFormFunUITests */ = {
			isa = PBXNativeTarget;
			buildConfigurationList = 3793987D21753EC300102273 /* Build configuration list for PBXNativeTarget "ScrollingFormFunUITests" */;
			buildPhases = (
				3793986A21753EC300102273 /* Sources */,
				3793986B21753EC300102273 /* Frameworks */,
				3793986C21753EC300102273 /* Resources */,
			);
			buildRules = (
			);
			dependencies = (
				3793987021753EC300102273 /* PBXTargetDependency */,
			);
			name = ScrollingFormFunUITests;
			productName = ScrollingFormFunUITests;
			productReference = 3793986E21753EC300102273 /* ScrollingFormFunUITests.xctest */;
			productType = "com.apple.product-type.bundle.ui-testing";
		};
/* End PBXNativeTarget section */

/* Begin PBXProject section */
		3793984721753EC200102273 /* Project object */ = {
			isa = PBXProject;
			attributes = {
				LastSwiftUpdateCheck = 1000;
				LastUpgradeCheck = 1000;
				ORGANIZATIONNAME = "Reid, Jon Carl";
				TargetAttributes = {
					3793984E21753EC200102273 = {
						CreatedOnToolsVersion = 10.0;
					};
					3793986221753EC300102273 = {
						CreatedOnToolsVersion = 10.0;
						TestTargetID = 3793984E21753EC200102273;
					};
					3793986D21753EC300102273 = {
						CreatedOnToolsVersion = 10.0;
						TestTargetID = 3793984E21753EC200102273;
					};
				};
			};
			buildConfigurationList = 3793984A21753EC200102273 /* Build configuration list for PBXProject "ScrollingFormFun" */;
			compatibilityVersion = "Xcode 9.3";
			developmentRegion = en;
			hasScannedForEncodings = 0;
			knownRegions = (
				en,
				Base,
			);
			mainGroup = 3793984621753EC200102273;
			productRefGroup = 3793985021753EC200102273 /* Products */;
			projectDirPath = "";
			projectRoot = "";
			targets = (
				3793984E21753EC200102273 /* ScrollingFormFun */,
				3793986221753EC300102273 /* ScrollingFormFunTests */,
				3793986D21753EC300102273 /* ScrollingFormFunUITests */,
			);
		};
/* End PBXProject section */

/* Begin PBXResourcesBuildPhase section */
		3793984D21753EC200102273 /* Resources */ = {
			isa = PBXResourcesBuildPhase;
			buildActionMask = 2147483647;
			files = (
				3793985D21753EC300102273 /* LaunchScreen.storyboard in Resources */,
				3793985A21753EC300102273 /* Assets.xcassets in Resources */,
				3793985821753EC200102273 /* Main.storyboard in Resources */,
			);
			runOnlyForDeploymentPostprocessing = 0;
		};
		3793986121753EC300102273 /* Resources */ = {
			isa = PBXResourcesBuildPhase;
			buildActionMask = 2147483647;
			files = (
			);
			runOnlyForDeploymentPostprocessing = 0;
		};
		3793986C21753EC300102273 /* Resources */ = {
			isa = PBXResourcesBuildPhase;
			buildActionMask = 2147483647;
			files = (
			);
			runOnlyForDeploymentPostprocessing = 0;
		};
/* End PBXResourcesBuildPhase section */

/* Begin PBXSourcesBuildPhase section */
		3793984B21753EC200102273 /* Sources */ = {
			isa = PBXSourcesBuildPhase;
			buildActionMask = 2147483647;
			files = (
				3793985521753EC200102273 /* ViewController.swift in Sources */,
				3793985321753EC200102273 /* AppDelegate.swift in Sources */,
			);
			runOnlyForDeploymentPostprocessing = 0;
		};
		3793985F21753EC300102273 /* Sources */ = {
			isa = PBXSourcesBuildPhase;
			buildActionMask = 2147483647;
			files = (
				3793986821753EC300102273 /* ScrollingFormFunTests.swift in Sources */,
			);
			runOnlyForDeploymentPostprocessing = 0;
		};
		3793986A21753EC300102273 /* Sources */ = {
			isa = PBXSourcesBuildPhase;
			buildActionMask = 2147483647;
			files = (
				3793987321753EC300102273 /* ScrollingFormFunUITests.swift in Sources */,
			);
			runOnlyForDeploymentPostprocessing = 0;
		};
/* End PBXSourcesBuildPhase section */

/* Begin PBXTargetDependency section */
		3793986521753EC300102273 /* PBXTargetDependency */ = {
			isa = PBXTargetDependency;
			target = 3793984E21753EC200102273 /* ScrollingFormFun */;
			targetProxy = 3793986421753EC300102273 /* PBXContainerItemProxy */;
		};
		3793987021753EC300102273 /* PBXTargetDependency */ = {
			isa = PBXTargetDependency;
			target = 3793984E21753EC200102273 /* ScrollingFormFun */;
			targetProxy = 3793986F21753EC300102273 /* PBXContainerItemProxy */;
		};
/* End PBXTargetDependency section */

/* Begin PBXVariantGroup section */
		3793985621753EC200102273 /* Main.storyboard */ = {
			isa = PBXVariantGroup;
			children = (
				3793985721753EC200102273 /* Base */,
			);
			name = Main.storyboard;
			sourceTree = "<group>";
		};
		3793985B21753EC300102273 /* LaunchScreen.storyboard */ = {
			isa = PBXVariantGroup;
			children = (
				3793985C21753EC300102273 /* Base */,
			);
			name = LaunchScreen.storyboard;
			sourceTree = "<group>";
		};
/* End PBXVariantGroup section */

/* Begin XCBuildConfiguration section */
		3793987521753EC300102273 /* Debug */ = {
			isa = XCBuildConfiguration;
			buildSettings = {
				ALWAYS_SEARCH_USER_PATHS = NO;
				CLANG_ANALYZER_NONNULL = YES;
				CLANG_ANALYZER_NUMBER_OBJECT_CONVERSION = YES_AGGRESSIVE;
				CLANG_CXX_LANGUAGE_STANDARD = "gnu++14";
				CLANG_CXX_LIBRARY = "libc++";
				CLANG_ENABLE_MODULES = YES;
				CLANG_ENABLE_OBJC_ARC = YES;
				CLANG_ENABLE_OBJC_WEAK = YES;
				CLANG_WARN_BLOCK_CAPTURE_AUTORELEASING = YES;
				CLANG_WARN_BOOL_CONVERSION = YES;
				CLANG_WARN_COMMA = YES;
				CLANG_WARN_CONSTANT_CONVERSION = YES;
				CLANG_WARN_DEPRECATED_OBJC_IMPLEMENTATIONS = YES;
				CLANG_WARN_DIRECT_OBJC_ISA_USAGE = YES_ERROR;
				CLANG_WARN_DOCUMENTATION_COMMENTS = YES;
				CLANG_WARN_EMPTY_BODY = YES;
				CLANG_WARN_ENUM_CONVERSION = YES;
				CLANG_WARN_INFINITE_RECURSION = YES;
				CLANG_WARN_INT_CONVERSION = YES;
				CLANG_WARN_NON_LITERAL_NULL_CONVERSION = YES;
				CLANG_WARN_OBJC_IMPLICIT_RETAIN_SELF = YES;
				CLANG_WARN_OBJC_LITERAL_CONVERSION = YES;
				CLANG_WARN_OBJC_ROOT_CLASS = YES_ERROR;
				CLANG_WARN_RANGE_LOOP_ANALYSIS = YES;
				CLANG_WARN_STRICT_PROTOTYPES = YES;
				CLANG_WARN_SUSPICIOUS_MOVE = YES;
				CLANG_WARN_UNGUARDED_AVAILABILITY = YES_AGGRESSIVE;
				CLANG_WARN_UNREACHABLE_CODE = YES;
				CLANG_WARN__DUPLICATE_METHOD_MATCH = YES;
				CODE_SIGN_IDENTITY = "iPhone Developer";
				COPY_PHASE_STRIP = NO;
				DEBUG_INFORMATION_FORMAT = dwarf;
				ENABLE_STRICT_OBJC_MSGSEND = YES;
				ENABLE_TESTABILITY = YES;
				GCC_C_LANGUAGE_STANDARD = gnu11;
				GCC_DYNAMIC_NO_PIC = NO;
				GCC_NO_COMMON_BLOCKS = YES;
				GCC_OPTIMIZATION_LEVEL = 0;
				GCC_PREPROCESSOR_DEFINITIONS = (
					"DEBUG=1",
					"$(inherited)",
				);
				GCC_WARN_64_TO_32_BIT_CONVERSION = YES;
				GCC_WARN_ABOUT_RETURN_TYPE = YES_ERROR;
				GCC_WARN_UNDECLARED_SELECTOR = YES;
				GCC_WARN_UNINITIALIZED_AUTOS = YES_AGGRESSIVE;
				GCC_WARN_UNUSED_FUNCTION = YES;
				GCC_WARN_UNUSED_VARIABLE = YES;
				IPHONEOS_DEPLOYMENT_TARGET = 12.0;
				MTL_ENABLE_DEBUG_INFO = INCLUDE_SOURCE;
				MTL_FAST_MATH = YES;
				ONLY_ACTIVE_ARCH = YES;
				SDKROOT = iphoneos;
				SWIFT_ACTIVE_COMPILATION_CONDITIONS = DEBUG;
				SWIFT_OPTIMIZATION_LEVEL = "-Onone";
			};
			name = Debug;
		};
		3793987621753EC300102273 /* Release */ = {
			isa = XCBuildConfiguration;
			buildSettings = {
				ALWAYS_SEARCH_USER_PATHS = NO;
				CLANG_ANALYZER_NONNULL = YES;
				CLANG_ANALYZER_NUMBER_OBJECT_CONVERSION = YES_AGGRESSIVE;
				CLANG_CXX_LANGUAGE_STANDARD = "gnu++14";
				CLANG_CXX_LIBRARY = "libc++";
				CLANG_ENABLE_MODULES = YES;
				CLANG_ENABLE_OBJC_ARC = YES;
				CLANG_ENABLE_OBJC_WEAK = YES;
				CLANG_WARN_BLOCK_CAPTURE_AUTORELEASING = YES;
				CLANG_WARN_BOOL_CONVERSION = YES;
				CLANG_WARN_COMMA = YES;
				CLANG_WARN_CONSTANT_CONVERSION = YES;
				CLANG_WARN_DEPRECATED_OBJC_IMPLEMENTATIONS = YES;
				CLANG_WARN_DIRECT_OBJC_ISA_USAGE = YES_ERROR;
				CLANG_WARN_DOCUMENTATION_COMMENTS = YES;
				CLANG_WARN_EMPTY_BODY = YES;
				CLANG_WARN_ENUM_CONVERSION = YES;
				CLANG_WARN_INFINITE_RECURSION = YES;
				CLANG_WARN_INT_CONVERSION = YES;
				CLANG_WARN_NON_LITERAL_NULL_CONVERSION = YES;
				CLANG_WARN_OBJC_IMPLICIT_RETAIN_SELF = YES;
				CLANG_WARN_OBJC_LITERAL_CONVERSION = YES;
				CLANG_WARN_OBJC_ROOT_CLASS = YES_ERROR;
				CLANG_WARN_RANGE_LOOP_ANALYSIS = YES;
				CLANG_WARN_STRICT_PROTOTYPES = YES;
				CLANG_WARN_SUSPICIOUS_MOVE = YES;
				CLANG_WARN_UNGUARDED_AVAILABILITY = YES_AGGRESSIVE;
				CLANG_WARN_UNREACHABLE_CODE = YES;
				CLANG_WARN__DUPLICATE_METHOD_MATCH = YES;
				CODE_SIGN_IDENTITY = "iPhone Developer";
				COPY_PHASE_STRIP = NO;
				DEBUG_INFORMATION_FORMAT = "dwarf-with-dsym";
				ENABLE_NS_ASSERTIONS = NO;
				ENABLE_STRICT_OBJC_MSGSEND = YES;
				GCC_C_LANGUAGE_STANDARD = gnu11;
				GCC_NO_COMMON_BLOCKS = YES;
				GCC_WARN_64_TO_32_BIT_CONVERSION = YES;
				GCC_WARN_ABOUT_RETURN_TYPE = YES_ERROR;
				GCC_WARN_UNDECLARED_SELECTOR = YES;
				GCC_WARN_UNINITIALIZED_AUTOS = YES_AGGRESSIVE;
				GCC_WARN_UNUSED_FUNCTION = YES;
				GCC_WARN_UNUSED_VARIABLE = YES;
				IPHONEOS_DEPLOYMENT_TARGET = 12.0;
				MTL_ENABLE_DEBUG_INFO = NO;
				MTL_FAST_MATH = YES;
				SDKROOT = iphoneos;
				SWIFT_COMPILATION_MODE = wholemodule;
				SWIFT_OPTIMIZATION_LEVEL = "-O";
				VALIDATE_PRODUCT = YES;
			};
			name = Release;
		};
		3793987821753EC300102273 /* Debug */ = {
			isa = XCBuildConfiguration;
			buildSettings = {
				ASSETCATALOG_COMPILER_APPICON_NAME = AppIcon;
				CODE_SIGN_STYLE = Automatic;
				DEVELOPMENT_TEAM = 3JWCX4D456;
				INFOPLIST_FILE = ScrollingFormFun/Info.plist;
				LD_RUNPATH_SEARCH_PATHS = (
					"$(inherited)",
					"@executable_path/Frameworks",
				);
				PRODUCT_BUNDLE_IDENTIFIER = main.ScrollingFormFun;
				PRODUCT_NAME = "$(TARGET_NAME)";
				SWIFT_VERSION = 4.2;
				TARGETED_DEVICE_FAMILY = "1,2";
			};
			name = Debug;
		};
		3793987921753EC300102273 /* Release */ = {
			isa = XCBuildConfiguration;
			buildSettings = {
				ASSETCATALOG_COMPILER_APPICON_NAME = AppIcon;
				CODE_SIGN_STYLE = Automatic;
				DEVELOPMENT_TEAM = 3JWCX4D456;
				INFOPLIST_FILE = ScrollingFormFun/Info.plist;
				LD_RUNPATH_SEARCH_PATHS = (
					"$(inherited)",
					"@executable_path/Frameworks",
				);
				PRODUCT_BUNDLE_IDENTIFIER = main.ScrollingFormFun;
				PRODUCT_NAME = "$(TARGET_NAME)";
				SWIFT_VERSION = 4.2;
				TARGETED_DEVICE_FAMILY = "1,2";
			};
			name = Release;
		};
		3793987B21753EC300102273 /* Debug */ = {
			isa = XCBuildConfiguration;
			buildSettings = {
				ALWAYS_EMBED_SWIFT_STANDARD_LIBRARIES = YES;
				BUNDLE_LOADER = "$(TEST_HOST)";
				CODE_SIGN_STYLE = Automatic;
				DEVELOPMENT_TEAM = 3JWCX4D456;
				INFOPLIST_FILE = ScrollingFormFunTests/Info.plist;
				LD_RUNPATH_SEARCH_PATHS = (
					"$(inherited)",
					"@executable_path/Frameworks",
					"@loader_path/Frameworks",
				);
				PRODUCT_BUNDLE_IDENTIFIER = main.ScrollingFormFunTests;
				PRODUCT_NAME = "$(TARGET_NAME)";
				SWIFT_VERSION = 4.2;
				TARGETED_DEVICE_FAMILY = "1,2";
				TEST_HOST = "$(BUILT_PRODUCTS_DIR)/ScrollingFormFun.app/ScrollingFormFun";
			};
			name = Debug;
		};
		3793987C21753EC300102273 /* Release */ = {
			isa = XCBuildConfiguration;
			buildSettings = {
				ALWAYS_EMBED_SWIFT_STANDARD_LIBRARIES = YES;
				BUNDLE_LOADER = "$(TEST_HOST)";
				CODE_SIGN_STYLE = Automatic;
				DEVELOPMENT_TEAM = 3JWCX4D456;
				INFOPLIST_FILE = ScrollingFormFunTests/Info.plist;
				LD_RUNPATH_SEARCH_PATHS = (
					"$(inherited)",
					"@executable_path/Frameworks",
					"@loader_path/Frameworks",
				);
				PRODUCT_BUNDLE_IDENTIFIER = main.ScrollingFormFunTests;
				PRODUCT_NAME = "$(TARGET_NAME)";
				SWIFT_VERSION = 4.2;
				TARGETED_DEVICE_FAMILY = "1,2";
				TEST_HOST = "$(BUILT_PRODUCTS_DIR)/ScrollingFormFun.app/ScrollingFormFun";
			};
			name = Release;
		};
		3793987E21753EC300102273 /* Debug */ = {
			isa = XCBuildConfiguration;
			buildSettings = {
				ALWAYS_EMBED_SWIFT_STANDARD_LIBRARIES = YES;
				CODE_SIGN_STYLE = Automatic;
				DEVELOPMENT_TEAM = 3JWCX4D456;
				INFOPLIST_FILE = ScrollingFormFunUITests/Info.plist;
				LD_RUNPATH_SEARCH_PATHS = (
					"$(inherited)",
					"@executable_path/Frameworks",
					"@loader_path/Frameworks",
				);
				PRODUCT_BUNDLE_IDENTIFIER = main.ScrollingFormFunUITests;
				PRODUCT_NAME = "$(TARGET_NAME)";
				SWIFT_VERSION = 4.2;
				TARGETED_DEVICE_FAMILY = "1,2";
				TEST_TARGET_NAME = ScrollingFormFun;
			};
			name = Debug;
		};
		3793987F21753EC300102273 /* Release */ = {
			isa = XCBuildConfiguration;
			buildSettings = {
				ALWAYS_EMBED_SWIFT_STANDARD_LIBRARIES = YES;
				CODE_SIGN_STYLE = Automatic;
				DEVELOPMENT_TEAM = 3JWCX4D456;
				INFOPLIST_FILE = ScrollingFormFunUITests/Info.plist;
				LD_RUNPATH_SEARCH_PATHS = (
					"$(inherited)",
					"@executable_path/Frameworks",
					"@loader_path/Frameworks",
				);
				PRODUCT_BUNDLE_IDENTIFIER = main.ScrollingFormFunUITests;
				PRODUCT_NAME = "$(TARGET_NAME)";
				SWIFT_VERSION = 4.2;
				TARGETED_DEVICE_FAMILY = "1,2";
				TEST_TARGET_NAME = ScrollingFormFun;
			};
			name = Release;
		};
/* End XCBuildConfiguration section */

/* Begin XCConfigurationList section */
		3793984A21753EC200102273 /* Build configuration list for PBXProject "ScrollingFormFun" */ = {
			isa = XCConfigurationList;
			buildConfigurations = (
				3793987521753EC300102273 /* Debug */,
				3793987621753EC300102273 /* Release */,
			);
			defaultConfigurationIsVisible = 0;
			defaultConfigurationName = Release;
		};
		3793987721753EC300102273 /* Build configuration list for PBXNativeTarget "ScrollingFormFun" */ = {
			isa = XCConfigurationList;
			buildConfigurations = (
				3793987821753EC300102273 /* Debug */,
				3793987921753EC300102273 /* Release */,
			);
			defaultConfigurationIsVisible = 0;
			defaultConfigurationName = Release;
		};
		3793987A21753EC300102273 /* Build configuration list for PBXNativeTarget "ScrollingFormFunTests" */ = {
			isa = XCConfigurationList;
			buildConfigurations = (
				3793987B21753EC300102273 /* Debug */,
				3793987C21753EC300102273 /* Release */,
			);
			defaultConfigurationIsVisible = 0;
			defaultConfigurationName = Release;
		};
		3793987D21753EC300102273 /* Build configuration list for PBXNativeTarget "ScrollingFormFunUITests" */ = {
			isa = XCConfigurationList;
			buildConfigurations = (
				3793987E21753EC300102273 /* Debug */,
				3793987F21753EC300102273 /* Release */,
			);
			defaultConfigurationIsVisible = 0;
			defaultConfigurationName = Release;
		};
/* End XCConfigurationList section */
	};
	rootObject = 3793984721753EC200102273 /* Project object */;
}
